{
  "name": "typescript-notes",
  "version": "1.0.0",
  "lockfileVersion": 2,
  "requires": true,
  "packages": {
    "": {
      "name": "typescript-notes",
      "version": "1.0.0",
      "license": "ISC",
      "dependencies": {
        "jsx": "^0.9.89",
        "ts-node": "^9.1.0",
        "typescript": "^4.1.2"
      },
      "devDependencies": {}
    },
    "node_modules/amdefine": {
      "version": "1.0.1",
      "resolved": "https://registry.npmjs.org/amdefine/-/amdefine-1.0.1.tgz",
      "integrity": "sha1-SlKCrBZHKek2Gbz9OtFR+BfOkfU=",
      "engines": {
        "node": ">=0.4.2"
      }
    },
    "node_modules/arg": {
      "version": "4.1.3",
      "resolved": "https://registry.npmjs.org/arg/-/arg-4.1.3.tgz",
      "integrity": "sha512-58S9QDqG0Xx27YwPSt9fJxivjYl432YCwfDMfZ+71RAqUrZef7LrKQZ3LHLOwCS4FLNBplP533Zx895SeOCHvA=="
    },
    "node_modules/buffer-from": {
      "version": "1.1.1",
      "resolved": "https://registry.npmjs.org/buffer-from/-/buffer-from-1.1.1.tgz",
      "integrity": "sha512-MQcXEUbCKtEo7bhqEs6560Hyd4XaovZlO/k9V3hjVUF/zwW7KBVdSK4gIt/bzwS9MbR5qob+F5jusZsb0YQK2A=="
    },
    "node_modules/create-require": {
      "version": "1.1.1",
      "resolved": "https://registry.npmjs.org/create-require/-/create-require-1.1.1.tgz",
      "integrity": "sha512-dcKFX3jn0MpIaXjisoRvexIJVEKzaq7z2rZKxf+MSr9TkdmHmsU4m2lcLojrj/FHl8mk5VxMmYA+ftRkP/3oKQ=="
    },
    "node_modules/diff": {
      "version": "4.0.2",
      "resolved": "https://registry.npmjs.org/diff/-/diff-4.0.2.tgz",
      "integrity": "sha512-58lmxKSA4BNyLz+HHMUzlOEpg09FV+ev6ZMe3vJihgdxzgcwZ8VoEEPmALCZG9LmqfVoNMMKpttIYTVG6uDY7A==",
      "engines": {
        "node": ">=0.3.1"
      }
    },
    "node_modules/escodegen": {
      "version": "0.0.28",
      "resolved": "https://registry.npmjs.org/escodegen/-/escodegen-0.0.28.tgz",
      "integrity": "sha1-Dk/xcV8yh3XWyrUaxEpAbNer/9M=",
      "dependencies": {
        "esprima": "~1.0.2",
        "estraverse": "~1.3.0"
      },
      "bin": {
        "escodegen": "bin/escodegen.js",
        "esgenerate": "bin/esgenerate.js"
      },
      "engines": {
        "node": ">=0.4.0"
      },
      "optionalDependencies": {
        "source-map": ">= 0.1.2"
      }
    },
    "node_modules/escope": {
      "version": "1.0.3",
      "resolved": "https://registry.npmjs.org/escope/-/escope-1.0.3.tgz",
      "integrity": "sha1-dZ3OhJbEJI/sLQyq9BCLzz8af10=",
      "dependencies": {
        "estraverse": "^2.0.0"
      },
      "engines": {
        "node": ">=0.4.0"
      }
    },
    "node_modules/escope/node_modules/estraverse": {
      "version": "2.0.0",
      "resolved": "https://registry.npmjs.org/estraverse/-/estraverse-2.0.0.tgz",
      "integrity": "sha1-WuRpYyQ2ACBmdMyySgnhZnT83KE=",
      "engines": {
        "node": ">=0.10.0"
      }
    },
    "node_modules/esmangle": {
      "version": "0.0.17",
      "resolved": "https://registry.npmjs.org/esmangle/-/esmangle-0.0.17.tgz",
      "integrity": "sha1-TFyTYHzeXRJ2utOW6DYinbpo2Qw=",
      "dependencies": {
        "escodegen": "~ 0.0.28",
        "escope": "~ 1.0.0",
        "esprima": "~ 1.0.2",
        "esshorten": "~ 0.0.2",
        "estraverse": "~ 1.3.2",
        "optimist": "*",
        "source-map": "~ 0.1.8"
      },
      "bin": {
        "esmangle": "bin/esmangle.js"
      },
      "engines": {
        "node": ">=0.6.0"
      }
    },
    "node_modules/esprima": {
      "version": "1.0.4",
      "resolved": "https://registry.npmjs.org/esprima/-/esprima-1.0.4.tgz",
      "integrity": "sha1-n1V+CPw7TSbs6d00+Pv0drYlha0=",
      "bin": {
        "esparse": "bin/esparse.js",
        "esvalidate": "bin/esvalidate.js"
      },
      "engines": {
        "node": ">=0.4.0"
      }
    },
    "node_modules/esshorten": {
      "version": "0.0.2",
      "resolved": "https://registry.npmjs.org/esshorten/-/esshorten-0.0.2.tgz",
      "integrity": "sha1-KKZS8e/UDI4if4xt59vmtWDugSk=",
      "dependencies": {
        "escope": "~ 1.0.0",
        "estraverse": "~ 1.2.0"
      },
      "engines": {
        "node": ">=0.6.0"
      }
    },
    "node_modules/esshorten/node_modules/estraverse": {
      "version": "1.2.0",
      "resolved": "https://registry.npmjs.org/estraverse/-/estraverse-1.2.0.tgz",
      "integrity": "sha1-aj3IpGpdZ2blZoY5/Hgpds5WYP0=",
      "engines": {
        "node": ">=0.4.0"
      }
    },
    "node_modules/estraverse": {
      "version": "1.3.2",
      "resolved": "https://registry.npmjs.org/estraverse/-/estraverse-1.3.2.tgz",
      "integrity": "sha1-N8K4k+8T1yPydth41g2FNRUqbEI=",
      "engines": {
        "node": ">=0.4.0"
      }
    },
    "node_modules/jsx": {
      "version": "0.9.89",
      "resolved": "https://registry.npmjs.org/jsx/-/jsx-0.9.89.tgz",
      "integrity": "sha1-xYlojcn/4EohH9tjPMfSAt14qSI=",
      "dependencies": {
        "escodegen": "~ 0.0.20",
        "esmangle": "~ 0.0.14",
        "esprima": "~ 1.0.2",
        "source-map": "~ 0.1.22",
        "source-map-support": "~ 0.2.1"
      },
      "bin": {
        "jsx": "bin/jsx",
        "jsx-profile-server": "bin/jsx-profile-server",
        "jsx-with-server": "bin/jsx-with-server"
      },
      "engines": {
        "node": ">= 0.8.0"
      }
    },
    "node_modules/make-error": {
      "version": "1.3.6",
      "resolved": "https://registry.npmjs.org/make-error/-/make-error-1.3.6.tgz",
      "integrity": "sha512-s8UhlNe7vPKomQhC1qFelMokr/Sc3AgNbso3n74mVPA5LTZwkB9NlXf4XPamLxJE8h0gh73rM94xvwRT2CVInw=="
    },
    "node_modules/minimist": {
      "version": "0.0.10",
      "resolved": "https://registry.npmjs.org/minimist/-/minimist-0.0.10.tgz",
      "integrity": "sha1-3j+YVD2/lggr5IrRoMfNqDYwHc8="
    },
    "node_modules/optimist": {
      "version": "0.6.1",
      "resolved": "https://registry.npmjs.org/optimist/-/optimist-0.6.1.tgz",
      "integrity": "sha1-2j6nRob6IaGaERwybpDrFaAZZoY=",
      "dependencies": {
        "minimist": "~0.0.1",
        "wordwrap": "~0.0.2"
      }
    },
    "node_modules/source-map": {
      "version": "0.1.43",
      "resolved": "https://registry.npmjs.org/source-map/-/source-map-0.1.43.tgz",
      "integrity": "sha1-wkvBRspRfBRx9drL4lcbK3+eM0Y=",
      "dependencies": {
        "amdefine": ">=0.0.4"
      },
      "engines": {
        "node": ">=0.8.0"
      }
    },
    "node_modules/source-map-support": {
      "version": "0.2.10",
      "resolved": "https://registry.npmjs.org/source-map-support/-/source-map-support-0.2.10.tgz",
      "integrity": "sha1-6lo5AKHByyUJagrozFwrSxDe09w=",
      "dependencies": {
        "source-map": "0.1.32"
      }
    },
    "node_modules/source-map-support/node_modules/source-map": {
      "version": "0.1.32",
      "resolved": "https://registry.npmjs.org/source-map/-/source-map-0.1.32.tgz",
      "integrity": "sha1-yLbBZ3l7pHQKjqMyUhYv8IWRsmY=",
      "dependencies": {
        "amdefine": ">=0.0.4"
      },
      "engines": {
        "node": ">=0.8.0"
      }
    },
    "node_modules/ts-node": {
      "version": "9.1.0",
      "resolved": "https://registry.npmjs.org/ts-node/-/ts-node-9.1.0.tgz",
      "integrity": "sha512-0yqcL4sgruCvM+w64LiAfNJo6+lHfCYc5Ajj4yiLNkJ9oZ2HWaa+Kso7htYOOxVQ7+csAjdUjffOe9PIqC4pMg==",
      "dependencies": {
        "arg": "^4.1.0",
        "create-require": "^1.1.0",
        "diff": "^4.0.1",
        "make-error": "^1.1.1",
        "source-map-support": "^0.5.17",
        "yn": "3.1.1"
      },
      "bin": {
        "ts-node": "dist/bin.js",
        "ts-node-script": "dist/bin-script.js",
        "ts-node-transpile-only": "dist/bin-transpile.js",
        "ts-script": "dist/bin-script-deprecated.js"
      },
      "engines": {
        "node": ">=10.0.0"
      },
      "peerDependencies": {
        "typescript": ">=2.7"
      }
    },
    "node_modules/ts-node/node_modules/source-map": {
      "version": "0.6.1",
      "resolved": "https://registry.npmjs.org/source-map/-/source-map-0.6.1.tgz",
      "integrity": "sha512-UjgapumWlbMhkBgzT7Ykc5YXUT46F0iKu8SGXq0bcwP5dz/h0Plj6enJqjz1Zbq2l5WaqYnrVbwWOWMyF3F47g==",
      "engines": {
        "node": ">=0.10.0"
      }
    },
    "node_modules/ts-node/node_modules/source-map-support": {
      "version": "0.5.19",
      "resolved": "https://registry.npmjs.org/source-map-support/-/source-map-support-0.5.19.tgz",
      "integrity": "sha512-Wonm7zOCIJzBGQdB+thsPar0kYuCIzYvxZwlBa87yi/Mdjv7Tip2cyVbLj5o0cFPN4EVkuTwb3GDDyUx2DGnGw==",
      "dependencies": {
        "buffer-from": "^1.0.0",
        "source-map": "^0.6.0"
      }
    },
    "node_modules/typescript": {
      "version": "4.1.2",
      "resolved": "https://registry.npmjs.org/typescript/-/typescript-4.1.2.tgz",
      "integrity": "sha512-thGloWsGH3SOxv1SoY7QojKi0tc+8FnOmiarEGMbd/lar7QOEd3hvlx3Fp5y6FlDUGl9L+pd4n2e+oToGMmhRQ==",
      "bin": {
        "tsc": "bin/tsc",
        "tsserver": "bin/tsserver"
      },
      "engines": {
        "node": ">=4.2.0"
      }
    },
    "node_modules/wordwrap": {
      "version": "0.0.3",
      "resolved": "https://registry.npmjs.org/wordwrap/-/wordwrap-0.0.3.tgz",
      "integrity": "sha1-o9XabNXAvAAI03I0u68b7WMFkQc=",
      "engines": {
        "node": ">=0.4.0"
      }
    },
    "node_modules/yn": {
      "version": "3.1.1",
      "resolved": "https://registry.npmjs.org/yn/-/yn-3.1.1.tgz",
      "integrity": "sha512-Ux4ygGWsu2c7isFWe8Yu1YluJmqVhxqK2cLXNQA5AcC3QfbGNpM7fu0Y8b/z16pXLnFxZYvWhd3fhBY9DLmC6Q==",
      "engines": {
        "node": ">=6"
      }
    }
  },
  "dependencies": {
    "amdefine": {
      "version": "1.0.1",
      "resolved": "https://registry.npmjs.org/amdefine/-/amdefine-1.0.1.tgz",
      "integrity": "sha1-SlKCrBZHKek2Gbz9OtFR+BfOkfU="
    },
    "arg": {
      "version": "4.1.3",
      "resolved": "https://registry.npmjs.org/arg/-/arg-4.1.3.tgz",
      "integrity": "sha512-58S9QDqG0Xx27YwPSt9fJxivjYl432YCwfDMfZ+71RAqUrZef7LrKQZ3LHLOwCS4FLNBplP533Zx895SeOCHvA=="
    },
    "buffer-from": {
      "version": "1.1.1",
      "resolved": "https://registry.npmjs.org/buffer-from/-/buffer-from-1.1.1.tgz",
      "integrity": "sha512-MQcXEUbCKtEo7bhqEs6560Hyd4XaovZlO/k9V3hjVUF/zwW7KBVdSK4gIt/bzwS9MbR5qob+F5jusZsb0YQK2A=="
    },
    "create-require": {
      "version": "1.1.1",
      "resolved": "https://registry.npmjs.org/create-require/-/create-require-1.1.1.tgz",
      "integrity": "sha512-dcKFX3jn0MpIaXjisoRvexIJVEKzaq7z2rZKxf+MSr9TkdmHmsU4m2lcLojrj/FHl8mk5VxMmYA+ftRkP/3oKQ=="
    },
    "diff": {
      "version": "4.0.2",
      "resolved": "https://registry.npmjs.org/diff/-/diff-4.0.2.tgz",
      "integrity": "sha512-58lmxKSA4BNyLz+HHMUzlOEpg09FV+ev6ZMe3vJihgdxzgcwZ8VoEEPmALCZG9LmqfVoNMMKpttIYTVG6uDY7A=="
    },
    "escodegen": {
      "version": "0.0.28",
      "resolved": "https://registry.npmjs.org/escodegen/-/escodegen-0.0.28.tgz",
      "integrity": "sha1-Dk/xcV8yh3XWyrUaxEpAbNer/9M=",
      "requires": {
        "esprima": "~1.0.2",
        "estraverse": "~1.3.0",
        "source-map": ">= 0.1.2"
      }
    },
    "escope": {
      "version": "1.0.3",
      "resolved": "https://registry.npmjs.org/escope/-/escope-1.0.3.tgz",
      "integrity": "sha1-dZ3OhJbEJI/sLQyq9BCLzz8af10=",
      "requires": {
        "estraverse": "^2.0.0"
      },
      "dependencies": {
        "estraverse": {
          "version": "2.0.0",
          "resolved": "https://registry.npmjs.org/estraverse/-/estraverse-2.0.0.tgz",
          "integrity": "sha1-WuRpYyQ2ACBmdMyySgnhZnT83KE="
        }
      }
    },
    "esmangle": {
      "version": "0.0.17",
      "resolved": "https://registry.npmjs.org/esmangle/-/esmangle-0.0.17.tgz",
      "integrity": "sha1-TFyTYHzeXRJ2utOW6DYinbpo2Qw=",
      "requires": {
        "escodegen": "~ 0.0.28",
        "escope": "~ 1.0.0",
        "esprima": "~ 1.0.2",
        "esshorten": "~ 0.0.2",
        "estraverse": "~ 1.3.2",
        "optimist": "*",
        "source-map": "~ 0.1.8"
      }
    },
    "esprima": {
      "version": "1.0.4",
      "resolved": "https://registry.npmjs.org/esprima/-/esprima-1.0.4.tgz",
      "integrity": "sha1-n1V+CPw7TSbs6d00+Pv0drYlha0="
    },
    "esshorten": {
      "version": "0.0.2",
      "resolved": "https://registry.npmjs.org/esshorten/-/esshorten-0.0.2.tgz",
      "integrity": "sha1-KKZS8e/UDI4if4xt59vmtWDugSk=",
      "requires": {
        "escope": "~ 1.0.0",
        "estraverse": "~ 1.2.0"
      },
      "dependencies": {
        "estraverse": {
          "version": "1.2.0",
          "resolved": "https://registry.npmjs.org/estraverse/-/estraverse-1.2.0.tgz",
          "integrity": "sha1-aj3IpGpdZ2blZoY5/Hgpds5WYP0="
        }
      }
    },
    "estraverse": {
      "version": "1.3.2",
      "resolved": "https://registry.npmjs.org/estraverse/-/estraverse-1.3.2.tgz",
      "integrity": "sha1-N8K4k+8T1yPydth41g2FNRUqbEI="
    },
    "jsx": {
      "version": "0.9.89",
      "resolved": "https://registry.npmjs.org/jsx/-/jsx-0.9.89.tgz",
      "integrity": "sha1-xYlojcn/4EohH9tjPMfSAt14qSI=",
      "requires": {
        "escodegen": "~ 0.0.20",
        "esmangle": "~ 0.0.14",
        "esprima": "~ 1.0.2",
        "source-map": "~ 0.1.22",
        "source-map-support": "~ 0.2.1"
      }
    },
    "make-error": {
      "version": "1.3.6",
      "resolved": "https://registry.npmjs.org/make-error/-/make-error-1.3.6.tgz",
      "integrity": "sha512-s8UhlNe7vPKomQhC1qFelMokr/Sc3AgNbso3n74mVPA5LTZwkB9NlXf4XPamLxJE8h0gh73rM94xvwRT2CVInw=="
    },
    "minimist": {
      "version": "0.0.10",
      "resolved": "https://registry.npmjs.org/minimist/-/minimist-0.0.10.tgz",
      "integrity": "sha1-3j+YVD2/lggr5IrRoMfNqDYwHc8="
    },
    "optimist": {
      "version": "0.6.1",
      "resolved": "https://registry.npmjs.org/optimist/-/optimist-0.6.1.tgz",
      "integrity": "sha1-2j6nRob6IaGaERwybpDrFaAZZoY=",
      "requires": {
        "minimist": "~0.0.1",
        "wordwrap": "~0.0.2"
      }
    },
    "source-map": {
      "version": "0.1.43",
      "resolved": "https://registry.npmjs.org/source-map/-/source-map-0.1.43.tgz",
      "integrity": "sha1-wkvBRspRfBRx9drL4lcbK3+eM0Y=",
      "requires": {
        "amdefine": ">=0.0.4"
      }
    },
    "source-map-support": {
      "version": "0.2.10",
      "resolved": "https://registry.npmjs.org/source-map-support/-/source-map-support-0.2.10.tgz",
      "integrity": "sha1-6lo5AKHByyUJagrozFwrSxDe09w=",
      "requires": {
        "source-map": "0.1.32"
      },
      "dependencies": {
        "source-map": {
          "version": "0.1.32",
          "resolved": "https://registry.npmjs.org/source-map/-/source-map-0.1.32.tgz",
          "integrity": "sha1-yLbBZ3l7pHQKjqMyUhYv8IWRsmY=",
          "requires": {
            "amdefine": ">=0.0.4"
          }
        }
      }
    },
    "ts-node": {
      "version": "9.1.0",
      "resolved": "https://registry.npmjs.org/ts-node/-/ts-node-9.1.0.tgz",
      "integrity": "sha512-0yqcL4sgruCvM+w64LiAfNJo6+lHfCYc5Ajj4yiLNkJ9oZ2HWaa+Kso7htYOOxVQ7+csAjdUjffOe9PIqC4pMg==",
      "requires": {
        "arg": "^4.1.0",
        "create-require": "^1.1.0",
        "diff": "^4.0.1",
        "make-error": "^1.1.1",
        "source-map-support": "^0.5.17",
        "yn": "3.1.1"
      },
      "dependencies": {
        "source-map": {
          "version": "0.6.1",
          "resolved": "https://registry.npmjs.org/source-map/-/source-map-0.6.1.tgz",
          "integrity": "sha512-UjgapumWlbMhkBgzT7Ykc5YXUT46F0iKu8SGXq0bcwP5dz/h0Plj6enJqjz1Zbq2l5WaqYnrVbwWOWMyF3F47g=="
        },
        "source-map-support": {
          "version": "0.5.19",
          "resolved": "https://registry.npmjs.org/source-map-support/-/source-map-support-0.5.19.tgz",
          "integrity": "sha512-Wonm7zOCIJzBGQdB+thsPar0kYuCIzYvxZwlBa87yi/Mdjv7Tip2cyVbLj5o0cFPN4EVkuTwb3GDDyUx2DGnGw==",
          "requires": {
            "buffer-from": "^1.0.0",
            "source-map": "^0.6.0"
          }
        }
      }
    },
    "typescript": {
      "version": "4.1.2",
      "resolved": "https://registry.npmjs.org/typescript/-/typescript-4.1.2.tgz",
      "integrity": "sha512-thGloWsGH3SOxv1SoY7QojKi0tc+8FnOmiarEGMbd/lar7QOEd3hvlx3Fp5y6FlDUGl9L+pd4n2e+oToGMmhRQ=="
    },
    "wordwrap": {
      "version": "0.0.3",
      "resolved": "https://registry.npmjs.org/wordwrap/-/wordwrap-0.0.3.tgz",
      "integrity": "sha1-o9XabNXAvAAI03I0u68b7WMFkQc="
    },
    "yn": {
      "version": "3.1.1",
      "resolved": "https://registry.npmjs.org/yn/-/yn-3.1.1.tgz",
      "integrity": "sha512-Ux4ygGWsu2c7isFWe8Yu1YluJmqVhxqK2cLXNQA5AcC3QfbGNpM7fu0Y8b/z16pXLnFxZYvWhd3fhBY9DLmC6Q=="
    }
  }
}
