
Microsoft Visual Studio Solution File, Format Version 12.00
# Visual Studio Version 17
VisualStudioVersion = 17.0.31903.59
MinimumVisualStudioVersion = 10.0.40219.1
Project("{F2A71F9B-5D33-465A-A702-920D77279786}") = "Console", "Console\Console.fsproj", "{5B3FADF3-1BE4-4D5A-8AFA-24F8D26C6DAC}"
EndProject
Global
	GlobalSection(SolutionConfigurationPlatforms) = preSolution
		Debug|Any CPU = Debug|Any CPU
		Release|Any CPU = Release|Any CPU
	EndGlobalSection
	GlobalSection(SolutionProperties) = preSolution
		HideSolutionNode = FALSE
	EndGlobalSection
	GlobalSection(ProjectConfigurationPlatforms) = postSolution
		{5B3FADF3-1BE4-4D5A-8AFA-24F8D26C6DAC}.Debug|Any CPU.ActiveCfg = Debug|Any CPU
		{5B3FADF3-1BE4-4D5A-8AFA-24F8D26C6DAC}.Debug|Any CPU.Build.0 = Debug|Any CPU
		{5B3FADF3-1BE4-4D5A-8AFA-24F8D26C6DAC}.Release|Any CPU.ActiveCfg = Release|Any CPU
		{5B3FADF3-1BE4-4D5A-8AFA-24F8D26C6DAC}.Release|Any CPU.Build.0 = Release|Any CPU
	EndGlobalSection
EndGlobal
